
Microsoft Visual Studio Solution File, Format Version 12.00
Project("{FAE04EC0-301F-11D3-BF4B-00C04F79EFBC}") = "State", "State\State.csproj", "{DB1A62C1-9C61-4D18-B3B8-F8772576A079}"
EndProject
Project("{2150E333-8FDC-42A3-9474-1A3956D46DE8}") = "Patterns", "Patterns", "{184BFA73-2C76-4DD1-AB64-23FF088D9D1F}"
EndProject
Project("{FAE04EC0-301F-11D3-BF4B-00C04F79EFBC}") = "Strategy", "Strategy\Strategy.csproj", "{E1C1AB49-E2C9-493E-B1D6-9C778F973F9A}"
EndProject
Project("{FAE04EC0-301F-11D3-BF4B-00C04F79EFBC}") = "TemplateMethod", "TemplateMethod\TemplateMethod.csproj", "{1D45135B-D3C8-4870-A14C-D92AEE5CEB9F}"
EndProject
Project("{FAE04EC0-301F-11D3-BF4B-00C04F79EFBC}") = "Iterator", "Iterator\Iterator.csproj", "{771DE14E-B726-45C4-880D-C73EF51E8917}"
EndProject
Project("{FAE04EC0-301F-11D3-BF4B-00C04F79EFBC}") = "Observer", "Observer\Observer.csproj", "{1FAF3EC8-B8F7-4813-B8E1-CC1F2F8BBFEB}"
EndProject
Project("{FAE04EC0-301F-11D3-BF4B-00C04F79EFBC}") = "Memento", "Memento\Memento.csproj", "{643D3A32-6775-4C5F-813D-D92F4DA06454}"
EndProject
Project("{FAE04EC0-301F-11D3-BF4B-00C04F79EFBC}") = "Mediator", "Mediator\Mediator.csproj", "{DE89995F-6C3A-4EFC-A756-5F3B7A97D0DF}"
EndProject
Project("{FAE04EC0-301F-11D3-BF4B-00C04F79EFBC}") = "Visitor", "Visitor\Visitor.csproj", "{C1021B90-DB24-4C07-B106-D76B3FF72B41}"
EndProject
Project("{FAE04EC0-301F-11D3-BF4B-00C04F79EFBC}") = "ChainOfResponsability", "ChainOfResponsibility\ChainOfResponsibility.csproj", "{915E5669-5534-454B-98DA-37E178801462}"
EndProject
Project("{FAE04EC0-301F-11D3-BF4B-00C04F79EFBC}") = "Command", "Command\Command.csproj", "{D6383F9D-3742-427A-956B-D5A37DE792C4}"
EndProject
Project("{2150E333-8FDC-42A3-9474-1A3956D46DE8}") = "Behavioral", "Behavioral", "{B58CE809-5F79-48E3-863C-B1EC332285B7}"
EndProject
Project("{2150E333-8FDC-42A3-9474-1A3956D46DE8}") = "Structural", "Structural", "{A5783B1A-B611-4A13-890B-FBAA7CFA244A}"
EndProject
Project("{FAE04EC0-301F-11D3-BF4B-00C04F79EFBC}") = "Decorator", "Decorator\Decorator.csproj", "{5E5C8241-D2FF-4445-BDE2-6363B3E2279D}"
EndProject
Project("{FAE04EC0-301F-11D3-BF4B-00C04F79EFBC}") = "Adapter", "Adapter\Adapter.csproj", "{EF110EFB-FE06-4C75-BCF9-D554BF946B50}"
EndProject
Project("{FAE04EC0-301F-11D3-BF4B-00C04F79EFBC}") = "Facade", "Facade\Facade.csproj", "{7C677884-F8B0-4391-83B9-227ECA6F2BF6}"
EndProject
Project("{FAE04EC0-301F-11D3-BF4B-00C04F79EFBC}") = "Proxy", "Proxy\Proxy.csproj", "{F3376960-E095-4796-BC7F-FB69D50E00E0}"
EndProject
Project("{FAE04EC0-301F-11D3-BF4B-00C04F79EFBC}") = "Flywight", "Flywight\Flywight.csproj", "{84C1E4DF-317A-4386-9421-12E5BB76E1E6}"
EndProject
Project("{FAE04EC0-301F-11D3-BF4B-00C04F79EFBC}") = "Bridge", "Bridge\Bridge.csproj", "{B88ED06D-3488-4A7B-B1AD-CA32F784B9A8}"
EndProject
Project("{FAE04EC0-301F-11D3-BF4B-00C04F79EFBC}") = "Composite", "Composite\Composite.csproj", "{C0178C98-A45E-42BA-B108-A97B09A0CC2D}"
EndProject
Project("{2150E333-8FDC-42A3-9474-1A3956D46DE8}") = "Creational", "Creational", "{9C988CE2-02F3-4288-973D-C10CE1E46A98}"
EndProject
Project("{FAE04EC0-301F-11D3-BF4B-00C04F79EFBC}") = "Singleton", "Singleton\Singleton.csproj", "{C236AC52-138E-4BCC-8480-65F1A0860BF7}"
EndProject
Global
	GlobalSection(SolutionConfigurationPlatforms) = preSolution
		Debug|Any CPU = Debug|Any CPU
		Release|Any CPU = Release|Any CPU
	EndGlobalSection
	GlobalSection(ProjectConfigurationPlatforms) = postSolution
		{DB1A62C1-9C61-4D18-B3B8-F8772576A079}.Debug|Any CPU.ActiveCfg = Debug|Any CPU
		{DB1A62C1-9C61-4D18-B3B8-F8772576A079}.Debug|Any CPU.Build.0 = Debug|Any CPU
		{DB1A62C1-9C61-4D18-B3B8-F8772576A079}.Release|Any CPU.ActiveCfg = Release|Any CPU
		{DB1A62C1-9C61-4D18-B3B8-F8772576A079}.Release|Any CPU.Build.0 = Release|Any CPU
		{E1C1AB49-E2C9-493E-B1D6-9C778F973F9A}.Debug|Any CPU.ActiveCfg = Debug|Any CPU
		{E1C1AB49-E2C9-493E-B1D6-9C778F973F9A}.Debug|Any CPU.Build.0 = Debug|Any CPU
		{E1C1AB49-E2C9-493E-B1D6-9C778F973F9A}.Release|Any CPU.ActiveCfg = Release|Any CPU
		{E1C1AB49-E2C9-493E-B1D6-9C778F973F9A}.Release|Any CPU.Build.0 = Release|Any CPU
		{1D45135B-D3C8-4870-A14C-D92AEE5CEB9F}.Debug|Any CPU.ActiveCfg = Debug|Any CPU
		{1D45135B-D3C8-4870-A14C-D92AEE5CEB9F}.Debug|Any CPU.Build.0 = Debug|Any CPU
		{1D45135B-D3C8-4870-A14C-D92AEE5CEB9F}.Release|Any CPU.ActiveCfg = Release|Any CPU
		{1D45135B-D3C8-4870-A14C-D92AEE5CEB9F}.Release|Any CPU.Build.0 = Release|Any CPU
		{771DE14E-B726-45C4-880D-C73EF51E8917}.Debug|Any CPU.ActiveCfg = Debug|Any CPU
		{771DE14E-B726-45C4-880D-C73EF51E8917}.Debug|Any CPU.Build.0 = Debug|Any CPU
		{771DE14E-B726-45C4-880D-C73EF51E8917}.Release|Any CPU.ActiveCfg = Release|Any CPU
		{771DE14E-B726-45C4-880D-C73EF51E8917}.Release|Any CPU.Build.0 = Release|Any CPU
		{1FAF3EC8-B8F7-4813-B8E1-CC1F2F8BBFEB}.Debug|Any CPU.ActiveCfg = Debug|Any CPU
		{1FAF3EC8-B8F7-4813-B8E1-CC1F2F8BBFEB}.Debug|Any CPU.Build.0 = Debug|Any CPU
		{1FAF3EC8-B8F7-4813-B8E1-CC1F2F8BBFEB}.Release|Any CPU.ActiveCfg = Release|Any CPU
		{1FAF3EC8-B8F7-4813-B8E1-CC1F2F8BBFEB}.Release|Any CPU.Build.0 = Release|Any CPU
		{643D3A32-6775-4C5F-813D-D92F4DA06454}.Debug|Any CPU.ActiveCfg = Debug|Any CPU
		{643D3A32-6775-4C5F-813D-D92F4DA06454}.Debug|Any CPU.Build.0 = Debug|Any CPU
		{643D3A32-6775-4C5F-813D-D92F4DA06454}.Release|Any CPU.ActiveCfg = Release|Any CPU
		{643D3A32-6775-4C5F-813D-D92F4DA06454}.Release|Any CPU.Build.0 = Release|Any CPU
		{DE89995F-6C3A-4EFC-A756-5F3B7A97D0DF}.Debug|Any CPU.ActiveCfg = Debug|Any CPU
		{DE89995F-6C3A-4EFC-A756-5F3B7A97D0DF}.Debug|Any CPU.Build.0 = Debug|Any CPU
		{DE89995F-6C3A-4EFC-A756-5F3B7A97D0DF}.Release|Any CPU.ActiveCfg = Release|Any CPU
		{DE89995F-6C3A-4EFC-A756-5F3B7A97D0DF}.Release|Any CPU.Build.0 = Release|Any CPU
		{C1021B90-DB24-4C07-B106-D76B3FF72B41}.Debug|Any CPU.ActiveCfg = Debug|Any CPU
		{C1021B90-DB24-4C07-B106-D76B3FF72B41}.Debug|Any CPU.Build.0 = Debug|Any CPU
		{C1021B90-DB24-4C07-B106-D76B3FF72B41}.Release|Any CPU.ActiveCfg = Release|Any CPU
		{C1021B90-DB24-4C07-B106-D76B3FF72B41}.Release|Any CPU.Build.0 = Release|Any CPU
		{915E5669-5534-454B-98DA-37E178801462}.Debug|Any CPU.ActiveCfg = Debug|Any CPU
		{915E5669-5534-454B-98DA-37E178801462}.Debug|Any CPU.Build.0 = Debug|Any CPU
		{915E5669-5534-454B-98DA-37E178801462}.Release|Any CPU.ActiveCfg = Release|Any CPU
		{915E5669-5534-454B-98DA-37E178801462}.Release|Any CPU.Build.0 = Release|Any CPU
		{D6383F9D-3742-427A-956B-D5A37DE792C4}.Debug|Any CPU.ActiveCfg = Debug|Any CPU
		{D6383F9D-3742-427A-956B-D5A37DE792C4}.Debug|Any CPU.Build.0 = Debug|Any CPU
		{D6383F9D-3742-427A-956B-D5A37DE792C4}.Release|Any CPU.ActiveCfg = Release|Any CPU
		{D6383F9D-3742-427A-956B-D5A37DE792C4}.Release|Any CPU.Build.0 = Release|Any CPU
		{5E5C8241-D2FF-4445-BDE2-6363B3E2279D}.Debug|Any CPU.ActiveCfg = Debug|Any CPU
		{5E5C8241-D2FF-4445-BDE2-6363B3E2279D}.Debug|Any CPU.Build.0 = Debug|Any CPU
		{5E5C8241-D2FF-4445-BDE2-6363B3E2279D}.Release|Any CPU.ActiveCfg = Release|Any CPU
		{5E5C8241-D2FF-4445-BDE2-6363B3E2279D}.Release|Any CPU.Build.0 = Release|Any CPU
		{EF110EFB-FE06-4C75-BCF9-D554BF946B50}.Debug|Any CPU.ActiveCfg = Debug|Any CPU
		{EF110EFB-FE06-4C75-BCF9-D554BF946B50}.Debug|Any CPU.Build.0 = Debug|Any CPU
		{EF110EFB-FE06-4C75-BCF9-D554BF946B50}.Release|Any CPU.ActiveCfg = Release|Any CPU
		{EF110EFB-FE06-4C75-BCF9-D554BF946B50}.Release|Any CPU.Build.0 = Release|Any CPU
		{7C677884-F8B0-4391-83B9-227ECA6F2BF6}.Debug|Any CPU.ActiveCfg = Debug|Any CPU
		{7C677884-F8B0-4391-83B9-227ECA6F2BF6}.Debug|Any CPU.Build.0 = Debug|Any CPU
		{7C677884-F8B0-4391-83B9-227ECA6F2BF6}.Release|Any CPU.ActiveCfg = Release|Any CPU
		{7C677884-F8B0-4391-83B9-227ECA6F2BF6}.Release|Any CPU.Build.0 = Release|Any CPU
		{F3376960-E095-4796-BC7F-FB69D50E00E0}.Debug|Any CPU.ActiveCfg = Debug|Any CPU
		{F3376960-E095-4796-BC7F-FB69D50E00E0}.Debug|Any CPU.Build.0 = Debug|Any CPU
		{F3376960-E095-4796-BC7F-FB69D50E00E0}.Release|Any CPU.ActiveCfg = Release|Any CPU
		{F3376960-E095-4796-BC7F-FB69D50E00E0}.Release|Any CPU.Build.0 = Release|Any CPU
		{84C1E4DF-317A-4386-9421-12E5BB76E1E6}.Debug|Any CPU.ActiveCfg = Debug|Any CPU
		{84C1E4DF-317A-4386-9421-12E5BB76E1E6}.Debug|Any CPU.Build.0 = Debug|Any CPU
		{84C1E4DF-317A-4386-9421-12E5BB76E1E6}.Release|Any CPU.ActiveCfg = Release|Any CPU
		{84C1E4DF-317A-4386-9421-12E5BB76E1E6}.Release|Any CPU.Build.0 = Release|Any CPU
		{B88ED06D-3488-4A7B-B1AD-CA32F784B9A8}.Debug|Any CPU.ActiveCfg = Debug|Any CPU
		{B88ED06D-3488-4A7B-B1AD-CA32F784B9A8}.Debug|Any CPU.Build.0 = Debug|Any CPU
		{B88ED06D-3488-4A7B-B1AD-CA32F784B9A8}.Release|Any CPU.ActiveCfg = Release|Any CPU
		{B88ED06D-3488-4A7B-B1AD-CA32F784B9A8}.Release|Any CPU.Build.0 = Release|Any CPU
		{C0178C98-A45E-42BA-B108-A97B09A0CC2D}.Debug|Any CPU.ActiveCfg = Debug|Any CPU
		{C0178C98-A45E-42BA-B108-A97B09A0CC2D}.Debug|Any CPU.Build.0 = Debug|Any CPU
		{C0178C98-A45E-42BA-B108-A97B09A0CC2D}.Release|Any CPU.ActiveCfg = Release|Any CPU
		{C0178C98-A45E-42BA-B108-A97B09A0CC2D}.Release|Any CPU.Build.0 = Release|Any CPU
		{C236AC52-138E-4BCC-8480-65F1A0860BF7}.Debug|Any CPU.ActiveCfg = Debug|Any CPU
		{C236AC52-138E-4BCC-8480-65F1A0860BF7}.Debug|Any CPU.Build.0 = Debug|Any CPU
		{C236AC52-138E-4BCC-8480-65F1A0860BF7}.Release|Any CPU.ActiveCfg = Release|Any CPU
		{C236AC52-138E-4BCC-8480-65F1A0860BF7}.Release|Any CPU.Build.0 = Release|Any CPU
	EndGlobalSection
	GlobalSection(NestedProjects) = preSolution
		{B58CE809-5F79-48E3-863C-B1EC332285B7} = {184BFA73-2C76-4DD1-AB64-23FF088D9D1F}
		{915E5669-5534-454B-98DA-37E178801462} = {B58CE809-5F79-48E3-863C-B1EC332285B7}
		{D6383F9D-3742-427A-956B-D5A37DE792C4} = {B58CE809-5F79-48E3-863C-B1EC332285B7}
		{771DE14E-B726-45C4-880D-C73EF51E8917} = {B58CE809-5F79-48E3-863C-B1EC332285B7}
		{DE89995F-6C3A-4EFC-A756-5F3B7A97D0DF} = {B58CE809-5F79-48E3-863C-B1EC332285B7}
		{643D3A32-6775-4C5F-813D-D92F4DA06454} = {B58CE809-5F79-48E3-863C-B1EC332285B7}
		{1FAF3EC8-B8F7-4813-B8E1-CC1F2F8BBFEB} = {B58CE809-5F79-48E3-863C-B1EC332285B7}
		{DB1A62C1-9C61-4D18-B3B8-F8772576A079} = {B58CE809-5F79-48E3-863C-B1EC332285B7}
		{E1C1AB49-E2C9-493E-B1D6-9C778F973F9A} = {B58CE809-5F79-48E3-863C-B1EC332285B7}
		{1D45135B-D3C8-4870-A14C-D92AEE5CEB9F} = {B58CE809-5F79-48E3-863C-B1EC332285B7}
		{C1021B90-DB24-4C07-B106-D76B3FF72B41} = {B58CE809-5F79-48E3-863C-B1EC332285B7}
		{A5783B1A-B611-4A13-890B-FBAA7CFA244A} = {184BFA73-2C76-4DD1-AB64-23FF088D9D1F}
		{5E5C8241-D2FF-4445-BDE2-6363B3E2279D} = {A5783B1A-B611-4A13-890B-FBAA7CFA244A}
		{EF110EFB-FE06-4C75-BCF9-D554BF946B50} = {A5783B1A-B611-4A13-890B-FBAA7CFA244A}
		{7C677884-F8B0-4391-83B9-227ECA6F2BF6} = {A5783B1A-B611-4A13-890B-FBAA7CFA244A}
		{F3376960-E095-4796-BC7F-FB69D50E00E0} = {A5783B1A-B611-4A13-890B-FBAA7CFA244A}
		{84C1E4DF-317A-4386-9421-12E5BB76E1E6} = {A5783B1A-B611-4A13-890B-FBAA7CFA244A}
		{B88ED06D-3488-4A7B-B1AD-CA32F784B9A8} = {A5783B1A-B611-4A13-890B-FBAA7CFA244A}
		{C0178C98-A45E-42BA-B108-A97B09A0CC2D} = {A5783B1A-B611-4A13-890B-FBAA7CFA244A}
		{9C988CE2-02F3-4288-973D-C10CE1E46A98} = {184BFA73-2C76-4DD1-AB64-23FF088D9D1F}
		{C236AC52-138E-4BCC-8480-65F1A0860BF7} = {9C988CE2-02F3-4288-973D-C10CE1E46A98}
	EndGlobalSection
EndGlobal
